// !$*UTF8*$!
{
	archiveVersion = 1;
	classes = {
	};
	objectVersion = 46;
	objects = {

/* Begin PBXBuildFile section */
		89A073BB1C8129B3002FC10A /* AppDelegate.swift in Sources */ = {isa = PBXBuildFile; fileRef = 89A073BA1C8129B3002FC10A /* AppDelegate.swift */; };
		89A073BD1C8129B3002FC10A /* ViewController.swift in Sources */ = {isa = PBXBuildFile; fileRef = 89A073BC1C8129B3002FC10A /* ViewController.swift */; };
		89A073C01C8129B3002FC10A /* Main.storyboard in Resources */ = {isa = PBXBuildFile; fileRef = 89A073BE1C8129B3002FC10A /* Main.storyboard */; };
		89A073C21C8129B3002FC10A /* Assets.xcassets in Resources */ = {isa = PBXBuildFile; fileRef = 89A073C11C8129B3002FC10A /* Assets.xcassets */; };
		89A073C51C8129B3002FC10A /* LaunchScreen.storyboard in Resources */ = {isa = PBXBuildFile; fileRef = 89A073C31C8129B3002FC10A /* LaunchScreen.storyboard */; };
		89A073CD1C812BEE002FC10A /* ZipCodeTextFieldDelegate.swift in Sources */ = {isa = PBXBuildFile; fileRef = 89A073CC1C812BEE002FC10A /* ZipCodeTextFieldDelegate.swift */; };
		89A073CF1C8132EB002FC10A /* CashTextFieldDelegate.swift in Sources */ = {isa = PBXBuildFile; fileRef = 89A073CE1C8132EB002FC10A /* CashTextFieldDelegate.swift */; };
/* End PBXBuildFile section */

/* Begin PBXFileReference section */
		89A073B71C8129B3002FC10A /* Delegate Fun.app */ = {isa = PBXFileReference; explicitFileType = wrapper.application; includeInIndex = 0; path = "Delegate Fun.app"; sourceTree = BUILT_PRODUCTS_DIR; };
		89A073BA1C8129B3002FC10A /* AppDelegate.swift */ = {isa = PBXFileReference; lastKnownFileType = sourcecode.swift; path = AppDelegate.swift; sourceTree = "<group>"; };
		89A073BC1C8129B3002FC10A /* ViewController.swift */ = {isa = PBXFileReference; lastKnownFileType = sourcecode.swift; path = ViewController.swift; sourceTree = "<group>"; };
		89A073BF1C8129B3002FC10A /* Base */ = {isa = PBXFileReference; lastKnownFileType = file.storyboard; name = Base; path = Base.lproj/Main.storyboard; sourceTree = "<group>"; };
		89A073C11C8129B3002FC10A /* Assets.xcassets */ = {isa = PBXFileReference; lastKnownFileType = folder.assetcatalog; path = Assets.xcassets; sourceTree = "<group>"; };
		89A073C41C8129B3002FC10A /* Base */ = {isa = PBXFileReference; lastKnownFileType = file.storyboard; name = Base; path = Base.lproj/LaunchScreen.storyboard; sourceTree = "<group>"; };
		89A073C61C8129B3002FC10A /* Info.plist */ = {isa = PBXFileReference; lastKnownFileType = text.plist.xml; path = Info.plist; sourceTree = "<group>"; };
		89A073CC1C812BEE002FC10A /* ZipCodeTextFieldDelegate.swift */ = {isa = PBXFileReference; fileEncoding = 4; lastKnownFileType = sourcecode.swift; path = ZipCodeTextFieldDelegate.swift; sourceTree = "<group>"; };
		89A073CE1C8132EB002FC10A /* CashTextFieldDelegate.swift */ = {isa = PBXFileReference; fileEncoding = 4; lastKnownFileType = sourcecode.swift; path = CashTextFieldDelegate.swift; sourceTree = "<group>"; };
/* End PBXFileReference section */

/* Begin PBXFrameworksBuildPhase section */
		89A073B41C8129B3002FC10A /* Frameworks */ = {
			isa = PBXFrameworksBuildPhase;
			buildActionMask = 2147483647;
			files = (
			);
			runOnlyForDeploymentPostprocessing = 0;
		};
/* End PBXFrameworksBuildPhase section */

/* Begin PBXGroup section */
		89A073AE1C8129B3002FC10A = {
			isa = PBXGroup;
			children = (
				89A073B91C8129B3002FC10A /* Delegate Fun */,
				89A073B81C8129B3002FC10A /* Products */,
			);
			sourceTree = "<group>";
		};
		89A073B81C8129B3002FC10A /* Products */ = {
			isa = PBXGroup;
			children = (
				89A073B71C8129B3002FC10A /* Delegate Fun.app */,
			);
			name = Products;
			sourceTree = "<group>";
		};
		89A073B91C8129B3002FC10A /* Delegate Fun */ = {
			isa = PBXGroup;
			children = (
				89A073BA1C8129B3002FC10A /* AppDelegate.swift */,
				89A073BC1C8129B3002FC10A /* ViewController.swift */,
				89A073BE1C8129B3002FC10A /* Main.storyboard */,
				89A073CC1C812BEE002FC10A /* ZipCodeTextFieldDelegate.swift */,
				89A073CE1C8132EB002FC10A /* CashTextFieldDelegate.swift */,
				89A073C11C8129B3002FC10A /* Assets.xcassets */,
				89A073C31C8129B3002FC10A /* LaunchScreen.storyboard */,
				89A073C61C8129B3002FC10A /* Info.plist */,
			);
			path = "Delegate Fun";
			sourceTree = "<group>";
		};
/* End PBXGroup section */

/* Begin PBXNativeTarget section */
		89A073B61C8129B3002FC10A /* Delegate Fun */ = {
			isa = PBXNativeTarget;
			buildConfigurationList = 89A073C91C8129B3002FC10A /* Build configuration list for PBXNativeTarget "Delegate Fun" */;
			buildPhases = (
				89A073B31C8129B3002FC10A /* Sources */,
				89A073B41C8129B3002FC10A /* Frameworks */,
				89A073B51C8129B3002FC10A /* Resources */,
			);
			buildRules = (
			);
			dependencies = (
			);
			name = "Delegate Fun";
			productName = "Delegate Fun";
			productReference = 89A073B71C8129B3002FC10A /* Delegate Fun.app */;
			productType = "com.apple.product-type.application";
		};
/* End PBXNativeTarget section */

/* Begin PBXProject section */
		89A073AF1C8129B3002FC10A /* Project object */ = {
			isa = PBXProject;
			attributes = {
				LastSwiftUpdateCheck = 0720;
				LastUpgradeCheck = 0720;
				ORGANIZATIONNAME = "Angelo Luppino";
				TargetAttributes = {
					89A073B61C8129B3002FC10A = {
						CreatedOnToolsVersion = 7.2.1;
					};
				};
			};
			buildConfigurationList = 89A073B21C8129B3002FC10A /* Build configuration list for PBXProject "Delegate Fun" */;
			compatibilityVersion = "Xcode 3.2";
			developmentRegion = English;
			hasScannedForEncodings = 0;
			knownRegions = (
				en,
				Base,
			);
			mainGroup = 89A073AE1C8129B3002FC10A;
			productRefGroup = 89A073B81C8129B3002FC10A /* Products */;
			projectDirPath = "";
			projectRoot = "";
			targets = (
				89A073B61C8129B3002FC10A /* Delegate Fun */,
			);
		};
/* End PBXProject section */

/* Begin PBXResourcesBuildPhase section */
		89A073B51C8129B3002FC10A /* Resources */ = {
			isa = PBXResourcesBuildPhase;
			buildActionMask = 2147483647;
			files = (
				89A073C51C8129B3002FC10A /* LaunchScreen.storyboard in Resources */,
				89A073C21C8129B3002FC10A /* Assets.xcassets in Resources */,
				89A073C01C8129B3002FC10A /* Main.storyboard in Resources */,
			);
			runOnlyForDeploymentPostprocessing = 0;
		};
/* End PBXResourcesBuildPhase section */

/* Begin PBXSourcesBuildPhase section */
		89A073B31C8129B3002FC10A /* Sources */ = {
			isa = PBXSourcesBuildPhase;
			buildActionMask = 2147483647;
			files = (
				89A073BD1C8129B3002FC10A /* ViewController.swift in Sources */,
				89A073CF1C8132EB002FC10A /* CashTextFieldDelegate.swift in Sources */,
				89A073CD1C812BEE002FC10A /* ZipCodeTextFieldDelegate.swift in Sources */,
				89A073BB1C8129B3002FC10A /* AppDelegate.swift in Sources */,
			);
			runOnlyForDeploymentPostprocessing = 0;
		};
/* End PBXSourcesBuildPhase section */

/* Begin PBXVariantGroup section */
		89A073BE1C8129B3002FC10A /* Main.storyboard */ = {
			isa = PBXVariantGroup;
			children = (
				89A073BF1C8129B3002FC10A /* Base */,
			);
			name = Main.storyboard;
			sourceTree = "<group>";
		};
		89A073C31C8129B3002FC10A /* LaunchScreen.storyboard */ = {
			isa = PBXVariantGroup;
			children = (
				89A073C41C8129B3002FC10A /* Base */,
			);
			name = LaunchScreen.storyboard;
			sourceTree = "<group>";
		};
/* End PBXVariantGroup section */

/* Begin XCBuildConfiguration section */
		89A073C71C8129B3002FC10A /* Debug */ = {
			isa = XCBuildConfiguration;
			buildSettings = {
				ALWAYS_SEARCH_USER_PATHS = NO;
				CLANG_CXX_LANGUAGE_STANDARD = "gnu++0x";
				CLANG_CXX_LIBRARY = "libc++";
				CLANG_ENABLE_MODULES = YES;
				CLANG_ENABLE_OBJC_ARC = YES;
				CLANG_WARN_BOOL_CONVERSION = YES;
				CLANG_WARN_CONSTANT_CONVERSION = YES;
				CLANG_WARN_DIRECT_OBJC_ISA_USAGE = YES_ERROR;
				CLANG_WARN_EMPTY_BODY = YES;
				CLANG_WARN_ENUM_CONVERSION = YES;
				CLANG_WARN_INT_CONVERSION = YES;
				CLANG_WARN_OBJC_ROOT_CLASS = YES_ERROR;
				CLANG_WARN_UNREACHABLE_CODE = YES;
				CLANG_WARN__DUPLICATE_METHOD_MATCH = YES;
				"CODE_SIGN_IDENTITY[sdk=iphoneos*]" = "iPhone Developer";
				COPY_PHASE_STRIP = NO;
				DEBUG_INFORMATION_FORMAT = dwarf;
				ENABLE_STRICT_OBJC_MSGSEND = YES;
				ENABLE_TESTABILITY = YES;
				GCC_C_LANGUAGE_STANDARD = gnu99;
				GCC_DYNAMIC_NO_PIC = NO;
				GCC_NO_COMMON_BLOCKS = YES;
				GCC_OPTIMIZATION_LEVEL = 0;
				GCC_PREPROCESSOR_DEFINITIONS = (
					"DEBUG=1",
					"$(inherited)",
				);
				GCC_WARN_64_TO_32_BIT_CONVERSION = YES;
				GCC_WARN_ABOUT_RETURN_TYPE = YES_ERROR;
				GCC_WARN_UNDECLARED_SELECTOR = YES;
				GCC_WARN_UNINITIALIZED_AUTOS = YES_AGGRESSIVE;
				GCC_WARN_UNUSED_FUNCTION = YES;
				GCC_WARN_UNUSED_VARIABLE = YES;
				IPHONEOS_DEPLOYMENT_TARGET = 9.2;
				MTL_ENABLE_DEBUG_INFO = YES;
				ONLY_ACTIVE_ARCH = YES;
				SDKROOT = iphoneos;
				SWIFT_OPTIMIZATION_LEVEL = "-Onone";
			};
			name = Debug;
		};
		89A073C81C8129B3002FC10A /* Release */ = {
			isa = XCBuildConfiguration;
			buildSettings = {
				ALWAYS_SEARCH_USER_PATHS = NO;
				CLANG_CXX_LANGUAGE_STANDARD = "gnu++0x";
				CLANG_CXX_LIBRARY = "libc++";
				CLANG_ENABLE_MODULES = YES;
				CLANG_ENABLE_OBJC_ARC = YES;
				CLANG_WARN_BOOL_CONVERSION = YES;
				CLANG_WARN_CONSTANT_CONVERSION = YES;
				CLANG_WARN_DIRECT_OBJC_ISA_USAGE = YES_ERROR;
				CLANG_WARN_EMPTY_BODY = YES;
				CLANG_WARN_ENUM_CONVERSION = YES;
				CLANG_WARN_INT_CONVERSION = YES;
				CLANG_WARN_OBJC_ROOT_CLASS = YES_ERROR;
				CLANG_WARN_UNREACHABLE_CODE = YES;
				CLANG_WARN__DUPLICATE_METHOD_MATCH = YES;
				"CODE_SIGN_IDENTITY[sdk=iphoneos*]" = "iPhone Developer";
				COPY_PHASE_STRIP = NO;
				DEBUG_INFORMATION_FORMAT = "dwarf-with-dsym";
				ENABLE_NS_ASSERTIONS = NO;
				ENABLE_STRICT_OBJC_MSGSEND = YES;
				GCC_C_LANGUAGE_STANDARD = gnu99;
				GCC_NO_COMMON_BLOCKS = YES;
				GCC_WARN_64_TO_32_BIT_CONVERSION = YES;
				GCC_WARN_ABOUT_RETURN_TYPE = YES_ERROR;
				GCC_WARN_UNDECLARED_SELECTOR = YES;
				GCC_WARN_UNINITIALIZED_AUTOS = YES_AGGRESSIVE;
				GCC_WARN_UNUSED_FUNCTION = YES;
				GCC_WARN_UNUSED_VARIABLE = YES;
				IPHONEOS_DEPLOYMENT_TARGET = 9.2;
				MTL_ENABLE_DEBUG_INFO = NO;
				SDKROOT = iphoneos;
				VALIDATE_PRODUCT = YES;
			};
			name = Release;
		};
		89A073CA1C8129B3002FC10A /* Debug */ = {
			isa = XCBuildConfiguration;
			buildSettings = {
				ASSETCATALOG_COMPILER_APPICON_NAME = AppIcon;
				INFOPLIST_FILE = "Delegate Fun/Info.plist";
				LD_RUNPATH_SEARCH_PATHS = "$(inherited) @executable_path/Frameworks";
				PRODUCT_BUNDLE_IDENTIFIER = "com.angelo-luppino.Delegate-Fun";
				PRODUCT_NAME = "$(TARGET_NAME)";
			};
			name = Debug;
		};
		89A073CB1C8129B3002FC10A /* Release */ = {
			isa = XCBuildConfiguration;
			buildSettings = {
				ASSETCATALOG_COMPILER_APPICON_NAME = AppIcon;
				INFOPLIST_FILE = "Delegate Fun/Info.plist";
				LD_RUNPATH_SEARCH_PATHS = "$(inherited) @executable_path/Frameworks";
				PRODUCT_BUNDLE_IDENTIFIER = "com.angelo-luppino.Delegate-Fun";
				PRODUCT_NAME = "$(TARGET_NAME)";
			};
			name = Release;
		};
/* End XCBuildConfiguration section */

/* Begin XCConfigurationList section */
		89A073B21C8129B3002FC10A /* Build configuration list for PBXProject "Delegate Fun" */ = {
			isa = XCConfigurationList;
			buildConfigurations = (
				89A073C71C8129B3002FC10A /* Debug */,
				89A073C81C8129B3002FC10A /* Release */,
			);
			defaultConfigurationIsVisible = 0;
			defaultConfigurationName = Release;
		};
		89A073C91C8129B3002FC10A /* Build configuration list for PBXNativeTarget "Delegate Fun" */ = {
			isa = XCConfigurationList;
			buildConfigurations = (
				89A073CA1C8129B3002FC10A /* Debug */,
				89A073CB1C8129B3002FC10A /* Release */,
			);
			defaultConfigurationIsVisible = 0;
			defaultConfigurationName = Release;
		};
/* End XCConfigurationList section */
	};
	rootObject = 89A073AF1C8129B3002FC10A /* Project object */;
}
